github.com/ofcoursedude/gowinlog v1.0.4 h1:JsAqiacog+GLohyzmcs8GWCGilX8zwOuFqDhDNG0hPA=
github.com/ofcoursedude/gowinlog v1.0.4/go.mod h1:1th/RWgZOgBMUjE4PHb9mRqjm9gIeeks//0I/rSm+D8=
github.com/ofcoursedude/gowinlog v1.0.5 h1:Ax9Pmh4TOjePaYUBFsONAbZ68g+Vxh6Jl+egx1C6KM8=
github.com/ofcoursedude/gowinlog v1.0.5/go.mod h1:1th/RWgZOgBMUjE4PHb9mRqjm9gIeeks//0I/rSm+D8=
