github.com/ofcoursedude/gowinlog v1.0.3 h1:xZ1aZa+i+krSjmmvLF9bykpuJHWww4OsdWAVZJdUXnE=
github.com/ofcoursedude/gowinlog v1.0.3/go.mod h1:1th/RWgZOgBMUjE4PHb9mRqjm9gIeeks//0I/rSm+D8=
github.com/ofcoursedude/gowinlog v1.0.4 h1:JsAqiacog+GLohyzmcs8GWCGilX8zwOuFqDhDNG0hPA=
github.com/ofcoursedude/gowinlog v1.0.4/go.mod h1:1th/RWgZOgBMUjE4PHb9mRqjm9gIeeks//0I/rSm+D8=
